
Microsoft Visual Studio Solution File, Format Version 12.00
# Visual Studio 2013
VisualStudioVersion = 12.0.21005.1
MinimumVisualStudioVersion = 10.0.40219.1
Project("{FAE04EC0-301F-11D3-BF4B-00C04F79EFBC}") = "Zerg", "Zerg\Zerg.csproj", "{1B972ADA-EB1F-4393-BC54-61DD498D0024}"
EndProject
Project("{FAE04EC0-301F-11D3-BF4B-00C04F79EFBC}") = "MovingLetters", "MovingLetters\MovingLetters.csproj", "{60B45516-4377-4FBB-9C22-7CE79BA77F54}"
EndProject
Project("{FAE04EC0-301F-11D3-BF4B-00C04F79EFBC}") = "EncodeAndEncrypt", "EncodeAndEncrypt\EncodeAndEncrypt.csproj", "{5FEA26B6-C60A-484E-B112-16124D619EFD}"
EndProject
Global
	GlobalSection(SolutionConfigurationPlatforms) = preSolution
		Debug|Any CPU = Debug|Any CPU
		Release|Any CPU = Release|Any CPU
	EndGlobalSection
	GlobalSection(ProjectConfigurationPlatforms) = postSolution
		{1B972ADA-EB1F-4393-BC54-61DD498D0024}.Debug|Any CPU.ActiveCfg = Debug|Any CPU
		{1B972ADA-EB1F-4393-BC54-61DD498D0024}.Debug|Any CPU.Build.0 = Debug|Any CPU
		{1B972ADA-EB1F-4393-BC54-61DD498D0024}.Release|Any CPU.ActiveCfg = Release|Any CPU
		{1B972ADA-EB1F-4393-BC54-61DD498D0024}.Release|Any CPU.Build.0 = Release|Any CPU
		{60B45516-4377-4FBB-9C22-7CE79BA77F54}.Debug|Any CPU.ActiveCfg = Debug|Any CPU
		{60B45516-4377-4FBB-9C22-7CE79BA77F54}.Debug|Any CPU.Build.0 = Debug|Any CPU
		{60B45516-4377-4FBB-9C22-7CE79BA77F54}.Release|Any CPU.ActiveCfg = Release|Any CPU
		{60B45516-4377-4FBB-9C22-7CE79BA77F54}.Release|Any CPU.Build.0 = Release|Any CPU
		{5FEA26B6-C60A-484E-B112-16124D619EFD}.Debug|Any CPU.ActiveCfg = Debug|Any CPU
		{5FEA26B6-C60A-484E-B112-16124D619EFD}.Debug|Any CPU.Build.0 = Debug|Any CPU
		{5FEA26B6-C60A-484E-B112-16124D619EFD}.Release|Any CPU.ActiveCfg = Release|Any CPU
		{5FEA26B6-C60A-484E-B112-16124D619EFD}.Release|Any CPU.Build.0 = Release|Any CPU
	EndGlobalSection
	GlobalSection(SolutionProperties) = preSolution
		HideSolutionNode = FALSE
	EndGlobalSection
EndGlobal
