
Microsoft Visual Studio Solution File, Format Version 12.00
# Visual Studio 2013
VisualStudioVersion = 12.0.21005.1
MinimumVisualStudioVersion = 10.0.40219.1
Project("{FAE04EC0-301F-11D3-BF4B-00C04F79EFBC}") = "Ex01TableOrDL", "Ex01TableOrDL\Ex01TableOrDL.csproj", "{20D24C8D-7FFE-4FE3-A1EF-F432EF303AA3}"
EndProject
Project("{FAE04EC0-301F-11D3-BF4B-00C04F79EFBC}") = "Ex02IntContactList", "Ex02IntContactList\Ex02IntContactList.csproj", "{610B4A6D-F424-4B00-AC0B-15255E06F70D}"
EndProject
Project("{FAE04EC0-301F-11D3-BF4B-00C04F79EFBC}") = "Ex03SamplePage", "Ex03SamplePage\Ex03SamplePage.csproj", "{4B945F35-41C9-4527-ABF9-B18CC0DAB0D7}"
EndProject
Global
	GlobalSection(SolutionConfigurationPlatforms) = preSolution
		Debug|Any CPU = Debug|Any CPU
		Release|Any CPU = Release|Any CPU
	EndGlobalSection
	GlobalSection(ProjectConfigurationPlatforms) = postSolution
		{20D24C8D-7FFE-4FE3-A1EF-F432EF303AA3}.Debug|Any CPU.ActiveCfg = Debug|Any CPU
		{20D24C8D-7FFE-4FE3-A1EF-F432EF303AA3}.Debug|Any CPU.Build.0 = Debug|Any CPU
		{20D24C8D-7FFE-4FE3-A1EF-F432EF303AA3}.Release|Any CPU.ActiveCfg = Release|Any CPU
		{20D24C8D-7FFE-4FE3-A1EF-F432EF303AA3}.Release|Any CPU.Build.0 = Release|Any CPU
		{610B4A6D-F424-4B00-AC0B-15255E06F70D}.Debug|Any CPU.ActiveCfg = Debug|Any CPU
		{610B4A6D-F424-4B00-AC0B-15255E06F70D}.Debug|Any CPU.Build.0 = Debug|Any CPU
		{610B4A6D-F424-4B00-AC0B-15255E06F70D}.Release|Any CPU.ActiveCfg = Release|Any CPU
		{610B4A6D-F424-4B00-AC0B-15255E06F70D}.Release|Any CPU.Build.0 = Release|Any CPU
		{4B945F35-41C9-4527-ABF9-B18CC0DAB0D7}.Debug|Any CPU.ActiveCfg = Debug|Any CPU
		{4B945F35-41C9-4527-ABF9-B18CC0DAB0D7}.Debug|Any CPU.Build.0 = Debug|Any CPU
		{4B945F35-41C9-4527-ABF9-B18CC0DAB0D7}.Release|Any CPU.ActiveCfg = Release|Any CPU
		{4B945F35-41C9-4527-ABF9-B18CC0DAB0D7}.Release|Any CPU.Build.0 = Release|Any CPU
	EndGlobalSection
	GlobalSection(SolutionProperties) = preSolution
		HideSolutionNode = FALSE
	EndGlobalSection
EndGlobal
