
Microsoft Visual Studio Solution File, Format Version 12.00
# Visual Studio 2013
VisualStudioVersion = 12.0.21005.1
MinimumVisualStudioVersion = 10.0.40219.1
Project("{FAE04EC0-301F-11D3-BF4B-00C04F79EFBC}") = "Ex02SchoolMemberForm", "Ex02SchoolMemberForm\Ex02SchoolMemberForm.csproj", "{6AF45132-1203-4A13-8100-86B18A77D39B}"
EndProject
Project("{FAE04EC0-301F-11D3-BF4B-00C04F79EFBC}") = "Ex01FruitsTables", "Ex01FruitsTables\Ex01FruitsTables.csproj", "{53E9D1F8-827F-4A30-9935-2858170FBAE2}"
EndProject
Project("{FAE04EC0-301F-11D3-BF4B-00C04F79EFBC}") = "Ex03HTMLCalculator", "Ex03HTMLCalculator\Ex03HTMLCalculator.csproj", "{C6E371BA-843C-4B79-AEB0-893435088B37}"
EndProject
Global
	GlobalSection(SolutionConfigurationPlatforms) = preSolution
		Debug|Any CPU = Debug|Any CPU
		Release|Any CPU = Release|Any CPU
	EndGlobalSection
	GlobalSection(ProjectConfigurationPlatforms) = postSolution
		{6AF45132-1203-4A13-8100-86B18A77D39B}.Debug|Any CPU.ActiveCfg = Debug|Any CPU
		{6AF45132-1203-4A13-8100-86B18A77D39B}.Debug|Any CPU.Build.0 = Debug|Any CPU
		{6AF45132-1203-4A13-8100-86B18A77D39B}.Release|Any CPU.ActiveCfg = Release|Any CPU
		{6AF45132-1203-4A13-8100-86B18A77D39B}.Release|Any CPU.Build.0 = Release|Any CPU
		{53E9D1F8-827F-4A30-9935-2858170FBAE2}.Debug|Any CPU.ActiveCfg = Debug|Any CPU
		{53E9D1F8-827F-4A30-9935-2858170FBAE2}.Debug|Any CPU.Build.0 = Debug|Any CPU
		{53E9D1F8-827F-4A30-9935-2858170FBAE2}.Release|Any CPU.ActiveCfg = Release|Any CPU
		{53E9D1F8-827F-4A30-9935-2858170FBAE2}.Release|Any CPU.Build.0 = Release|Any CPU
		{C6E371BA-843C-4B79-AEB0-893435088B37}.Debug|Any CPU.ActiveCfg = Debug|Any CPU
		{C6E371BA-843C-4B79-AEB0-893435088B37}.Debug|Any CPU.Build.0 = Debug|Any CPU
		{C6E371BA-843C-4B79-AEB0-893435088B37}.Release|Any CPU.ActiveCfg = Release|Any CPU
		{C6E371BA-843C-4B79-AEB0-893435088B37}.Release|Any CPU.Build.0 = Release|Any CPU
	EndGlobalSection
	GlobalSection(SolutionProperties) = preSolution
		HideSolutionNode = FALSE
	EndGlobalSection
EndGlobal
