
Microsoft Visual Studio Solution File, Format Version 12.00
# Visual Studio 2013
VisualStudioVersion = 12.0.21005.1
MinimumVisualStudioVersion = 10.0.40219.1
Project("{FAE04EC0-301F-11D3-BF4B-00C04F79EFBC}") = "MultiverseCommunication", "MultiverseCommunication\MultiverseCommunication.csproj", "{93D491F1-ADC6-495D-909E-8E6C72B1D60F}"
EndProject
Project("{FAE04EC0-301F-11D3-BF4B-00C04F79EFBC}") = "MagicWords", "MagicWords\MagicWords.csproj", "{BD377CFA-6A53-42A7-839F-791996BEF018}"
EndProject
Project("{FAE04EC0-301F-11D3-BF4B-00C04F79EFBC}") = "DecodeAndDecrypt", "DecodeAndDecrypt\DecodeAndDecrypt.csproj", "{524FD8ED-C3FB-444A-B476-4B540B081EB3}"
EndProject
Global
	GlobalSection(SolutionConfigurationPlatforms) = preSolution
		Debug|Any CPU = Debug|Any CPU
		Release|Any CPU = Release|Any CPU
	EndGlobalSection
	GlobalSection(ProjectConfigurationPlatforms) = postSolution
		{93D491F1-ADC6-495D-909E-8E6C72B1D60F}.Debug|Any CPU.ActiveCfg = Debug|Any CPU
		{93D491F1-ADC6-495D-909E-8E6C72B1D60F}.Debug|Any CPU.Build.0 = Debug|Any CPU
		{93D491F1-ADC6-495D-909E-8E6C72B1D60F}.Release|Any CPU.ActiveCfg = Release|Any CPU
		{93D491F1-ADC6-495D-909E-8E6C72B1D60F}.Release|Any CPU.Build.0 = Release|Any CPU
		{BD377CFA-6A53-42A7-839F-791996BEF018}.Debug|Any CPU.ActiveCfg = Debug|Any CPU
		{BD377CFA-6A53-42A7-839F-791996BEF018}.Debug|Any CPU.Build.0 = Debug|Any CPU
		{BD377CFA-6A53-42A7-839F-791996BEF018}.Release|Any CPU.ActiveCfg = Release|Any CPU
		{BD377CFA-6A53-42A7-839F-791996BEF018}.Release|Any CPU.Build.0 = Release|Any CPU
		{524FD8ED-C3FB-444A-B476-4B540B081EB3}.Debug|Any CPU.ActiveCfg = Debug|Any CPU
		{524FD8ED-C3FB-444A-B476-4B540B081EB3}.Debug|Any CPU.Build.0 = Debug|Any CPU
		{524FD8ED-C3FB-444A-B476-4B540B081EB3}.Release|Any CPU.ActiveCfg = Release|Any CPU
		{524FD8ED-C3FB-444A-B476-4B540B081EB3}.Release|Any CPU.Build.0 = Release|Any CPU
	EndGlobalSection
	GlobalSection(SolutionProperties) = preSolution
		HideSolutionNode = FALSE
	EndGlobalSection
EndGlobal
