
Microsoft Visual Studio Solution File, Format Version 11.00
# Visual Studio 2010
Project("{FAE04EC0-301F-11D3-BF4B-00C04F79EFBC}") = "Ex1MobilePhoneClass", "Ex1MobilePhoneClass\Ex1MobilePhoneClass.csproj", "{8CBFA4D8-8BF6-4642-85BE-09663EC83F3B}"
EndProject
Global
	
	GlobalSection(SolutionConfigurationPlatforms) = preSolution
		Debug|x86 = Debug|x86
		Release|x86 = Release|x86
	EndGlobalSection
	GlobalSection(ProjectConfigurationPlatforms) = postSolution
		{8CBFA4D8-8BF6-4642-85BE-09663EC83F3B}.Debug|x86.ActiveCfg = Debug|x86
		{8CBFA4D8-8BF6-4642-85BE-09663EC83F3B}.Debug|x86.Build.0 = Debug|x86
		{8CBFA4D8-8BF6-4642-85BE-09663EC83F3B}.Release|x86.ActiveCfg = Release|x86
		{8CBFA4D8-8BF6-4642-85BE-09663EC83F3B}.Release|x86.Build.0 = Release|x86
	EndGlobalSection
	GlobalSection(SolutionProperties) = preSolution
		HideSolutionNode = FALSE
	EndGlobalSection
EndGlobal
