
Microsoft Visual Studio Solution File, Format Version 12.00
# Visual Studio 2013
VisualStudioVersion = 12.0.21005.1
MinimumVisualStudioVersion = 10.0.40219.1
Project("{FAE04EC0-301F-11D3-BF4B-00C04F79EFBC}") = "Ex01SubListItems", "Ex01SubListItems\Ex01SubListItems.csproj", "{0D87C94E-E259-4449-837B-D8E50D72F746}"
EndProject
Project("{FAE04EC0-301F-11D3-BF4B-00C04F79EFBC}") = "Ex02TotalManagementPage", "Ex02TotalManagementPage\Ex02TotalManagementPage.csproj", "{31616D79-57F2-44A0-A7B9-632A7745BC8B}"
EndProject
Project("{FAE04EC0-301F-11D3-BF4B-00C04F79EFBC}") = "Ex03MusicCategories", "Ex03MusicCategories\Ex03MusicCategories.csproj", "{B4DE7498-D314-46B0-8956-080BF0D9F405}"
EndProject
Project("{FAE04EC0-301F-11D3-BF4B-00C04F79EFBC}") = "Ex04CSSTutorial", "Ex04CSSTutorial\Ex04CSSTutorial.csproj", "{CA7F12CC-2883-4869-B3B9-CE912B3575AF}"
EndProject
Project("{FAE04EC0-301F-11D3-BF4B-00C04F79EFBC}") = "Ex05Laptops", "Ex05Laptops\Ex05Laptops.csproj", "{4F83A2D3-B59D-4650-8DB3-D1AE23D81B11}"
EndProject
Project("{FAE04EC0-301F-11D3-BF4B-00C04F79EFBC}") = "Ex06BTVNews", "Ex06BTVNews\Ex06BTVNews.csproj", "{019855E9-8FCE-47F6-92DA-A6B7F688C0A3}"
EndProject
Global
	GlobalSection(SolutionConfigurationPlatforms) = preSolution
		Debug|Any CPU = Debug|Any CPU
		Release|Any CPU = Release|Any CPU
	EndGlobalSection
	GlobalSection(ProjectConfigurationPlatforms) = postSolution
		{0D87C94E-E259-4449-837B-D8E50D72F746}.Debug|Any CPU.ActiveCfg = Debug|Any CPU
		{0D87C94E-E259-4449-837B-D8E50D72F746}.Debug|Any CPU.Build.0 = Debug|Any CPU
		{0D87C94E-E259-4449-837B-D8E50D72F746}.Release|Any CPU.ActiveCfg = Release|Any CPU
		{0D87C94E-E259-4449-837B-D8E50D72F746}.Release|Any CPU.Build.0 = Release|Any CPU
		{31616D79-57F2-44A0-A7B9-632A7745BC8B}.Debug|Any CPU.ActiveCfg = Debug|Any CPU
		{31616D79-57F2-44A0-A7B9-632A7745BC8B}.Debug|Any CPU.Build.0 = Debug|Any CPU
		{31616D79-57F2-44A0-A7B9-632A7745BC8B}.Release|Any CPU.ActiveCfg = Release|Any CPU
		{31616D79-57F2-44A0-A7B9-632A7745BC8B}.Release|Any CPU.Build.0 = Release|Any CPU
		{B4DE7498-D314-46B0-8956-080BF0D9F405}.Debug|Any CPU.ActiveCfg = Debug|Any CPU
		{B4DE7498-D314-46B0-8956-080BF0D9F405}.Debug|Any CPU.Build.0 = Debug|Any CPU
		{B4DE7498-D314-46B0-8956-080BF0D9F405}.Release|Any CPU.ActiveCfg = Release|Any CPU
		{B4DE7498-D314-46B0-8956-080BF0D9F405}.Release|Any CPU.Build.0 = Release|Any CPU
		{CA7F12CC-2883-4869-B3B9-CE912B3575AF}.Debug|Any CPU.ActiveCfg = Debug|Any CPU
		{CA7F12CC-2883-4869-B3B9-CE912B3575AF}.Debug|Any CPU.Build.0 = Debug|Any CPU
		{CA7F12CC-2883-4869-B3B9-CE912B3575AF}.Release|Any CPU.ActiveCfg = Release|Any CPU
		{CA7F12CC-2883-4869-B3B9-CE912B3575AF}.Release|Any CPU.Build.0 = Release|Any CPU
		{4F83A2D3-B59D-4650-8DB3-D1AE23D81B11}.Debug|Any CPU.ActiveCfg = Debug|Any CPU
		{4F83A2D3-B59D-4650-8DB3-D1AE23D81B11}.Debug|Any CPU.Build.0 = Debug|Any CPU
		{4F83A2D3-B59D-4650-8DB3-D1AE23D81B11}.Release|Any CPU.ActiveCfg = Release|Any CPU
		{4F83A2D3-B59D-4650-8DB3-D1AE23D81B11}.Release|Any CPU.Build.0 = Release|Any CPU
		{019855E9-8FCE-47F6-92DA-A6B7F688C0A3}.Debug|Any CPU.ActiveCfg = Debug|Any CPU
		{019855E9-8FCE-47F6-92DA-A6B7F688C0A3}.Debug|Any CPU.Build.0 = Debug|Any CPU
		{019855E9-8FCE-47F6-92DA-A6B7F688C0A3}.Release|Any CPU.ActiveCfg = Release|Any CPU
		{019855E9-8FCE-47F6-92DA-A6B7F688C0A3}.Release|Any CPU.Build.0 = Release|Any CPU
	EndGlobalSection
	GlobalSection(SolutionProperties) = preSolution
		HideSolutionNode = FALSE
	EndGlobalSection
EndGlobal
