
Microsoft Visual Studio Solution File, Format Version 12.00
# Visual Studio 2013
VisualStudioVersion = 12.0.21005.1
MinimumVisualStudioVersion = 10.0.40219.1
Project("{FAE04EC0-301F-11D3-BF4B-00C04F79EFBC}") = "StrangeLandNumbers", "StrangeLandNumbers\StrangeLandNumbers.csproj", "{3B57F37B-92C1-475E-973F-106B132D9090}"
EndProject
Project("{FAE04EC0-301F-11D3-BF4B-00C04F79EFBC}") = "TwoGirlsOnePath", "TwoGirlsOnePath\TwoGirlsOnePath.csproj", "{CF8CDAB4-A9AD-42BE-969E-63A352C23FE5}"
EndProject
Project("{FAE04EC0-301F-11D3-BF4B-00C04F79EFBC}") = "RelevanceIndex", "RelevanceIndex\RelevanceIndex.csproj", "{9056972D-E88B-462E-BE95-48141D5B93AF}"
EndProject
Project("{FAE04EC0-301F-11D3-BF4B-00C04F79EFBC}") = "DogeCoin", "DogeCoin\DogeCoin.csproj", "{24A0BBA6-7E3E-452F-9414-6D5866DE700F}"
EndProject
Global
	GlobalSection(SolutionConfigurationPlatforms) = preSolution
		Debug|Any CPU = Debug|Any CPU
		Release|Any CPU = Release|Any CPU
	EndGlobalSection
	GlobalSection(ProjectConfigurationPlatforms) = postSolution
		{3B57F37B-92C1-475E-973F-106B132D9090}.Debug|Any CPU.ActiveCfg = Debug|Any CPU
		{3B57F37B-92C1-475E-973F-106B132D9090}.Debug|Any CPU.Build.0 = Debug|Any CPU
		{3B57F37B-92C1-475E-973F-106B132D9090}.Release|Any CPU.ActiveCfg = Release|Any CPU
		{3B57F37B-92C1-475E-973F-106B132D9090}.Release|Any CPU.Build.0 = Release|Any CPU
		{CF8CDAB4-A9AD-42BE-969E-63A352C23FE5}.Debug|Any CPU.ActiveCfg = Debug|Any CPU
		{CF8CDAB4-A9AD-42BE-969E-63A352C23FE5}.Debug|Any CPU.Build.0 = Debug|Any CPU
		{CF8CDAB4-A9AD-42BE-969E-63A352C23FE5}.Release|Any CPU.ActiveCfg = Release|Any CPU
		{CF8CDAB4-A9AD-42BE-969E-63A352C23FE5}.Release|Any CPU.Build.0 = Release|Any CPU
		{9056972D-E88B-462E-BE95-48141D5B93AF}.Debug|Any CPU.ActiveCfg = Debug|Any CPU
		{9056972D-E88B-462E-BE95-48141D5B93AF}.Debug|Any CPU.Build.0 = Debug|Any CPU
		{9056972D-E88B-462E-BE95-48141D5B93AF}.Release|Any CPU.ActiveCfg = Release|Any CPU
		{9056972D-E88B-462E-BE95-48141D5B93AF}.Release|Any CPU.Build.0 = Release|Any CPU
		{24A0BBA6-7E3E-452F-9414-6D5866DE700F}.Debug|Any CPU.ActiveCfg = Debug|Any CPU
		{24A0BBA6-7E3E-452F-9414-6D5866DE700F}.Debug|Any CPU.Build.0 = Debug|Any CPU
		{24A0BBA6-7E3E-452F-9414-6D5866DE700F}.Release|Any CPU.ActiveCfg = Release|Any CPU
		{24A0BBA6-7E3E-452F-9414-6D5866DE700F}.Release|Any CPU.Build.0 = Release|Any CPU
	EndGlobalSection
	GlobalSection(SolutionProperties) = preSolution
		HideSolutionNode = FALSE
	EndGlobalSection
EndGlobal
