
Microsoft Visual Studio Solution File, Format Version 11.00
# Visual Studio 2010
Project("{FAE04EC0-301F-11D3-BF4B-00C04F79EFBC}") = "StudentsStory", "StudentsStory\StudentsStory.csproj", "{973B0F41-33BB-4B0F-B7AC-ACFF98BB21FA}"
EndProject
Project("{FAE04EC0-301F-11D3-BF4B-00C04F79EFBC}") = "PersonProgram", "PersonProgram\PersonProgram.csproj", "{59E0D126-555D-4AE0-AC9C-645BC5DA9D80}"
EndProject
Project("{FAE04EC0-301F-11D3-BF4B-00C04F79EFBC}") = "BitArrayExercise", "BitArrayExercise\BitArrayExercise.csproj", "{2234C955-3E76-4020-BB01-21C12EA16945}"
EndProject
Project("{FAE04EC0-301F-11D3-BF4B-00C04F79EFBC}") = "BinarySearchTreeTest", "BinarySearchTreeTest\BinarySearchTreeTest.csproj", "{233615D8-60E3-4592-ADA3-435E64BFCB83}"
EndProject
Global
	GlobalSection(SolutionConfigurationPlatforms) = preSolution
		Debug|x86 = Debug|x86
		Release|x86 = Release|x86
	EndGlobalSection
	GlobalSection(ProjectConfigurationPlatforms) = postSolution
		{973B0F41-33BB-4B0F-B7AC-ACFF98BB21FA}.Debug|x86.ActiveCfg = Debug|x86
		{973B0F41-33BB-4B0F-B7AC-ACFF98BB21FA}.Debug|x86.Build.0 = Debug|x86
		{973B0F41-33BB-4B0F-B7AC-ACFF98BB21FA}.Release|x86.ActiveCfg = Release|x86
		{973B0F41-33BB-4B0F-B7AC-ACFF98BB21FA}.Release|x86.Build.0 = Release|x86
		{59E0D126-555D-4AE0-AC9C-645BC5DA9D80}.Debug|x86.ActiveCfg = Debug|x86
		{59E0D126-555D-4AE0-AC9C-645BC5DA9D80}.Debug|x86.Build.0 = Debug|x86
		{59E0D126-555D-4AE0-AC9C-645BC5DA9D80}.Release|x86.ActiveCfg = Release|x86
		{59E0D126-555D-4AE0-AC9C-645BC5DA9D80}.Release|x86.Build.0 = Release|x86
		{2234C955-3E76-4020-BB01-21C12EA16945}.Debug|x86.ActiveCfg = Debug|x86
		{2234C955-3E76-4020-BB01-21C12EA16945}.Debug|x86.Build.0 = Debug|x86
		{2234C955-3E76-4020-BB01-21C12EA16945}.Release|x86.ActiveCfg = Release|x86
		{2234C955-3E76-4020-BB01-21C12EA16945}.Release|x86.Build.0 = Release|x86
		{233615D8-60E3-4592-ADA3-435E64BFCB83}.Debug|x86.ActiveCfg = Debug|x86
		{233615D8-60E3-4592-ADA3-435E64BFCB83}.Debug|x86.Build.0 = Debug|x86
		{233615D8-60E3-4592-ADA3-435E64BFCB83}.Release|x86.ActiveCfg = Release|x86
		{233615D8-60E3-4592-ADA3-435E64BFCB83}.Release|x86.Build.0 = Release|x86
	EndGlobalSection
	GlobalSection(SolutionProperties) = preSolution
		HideSolutionNode = FALSE
	EndGlobalSection
EndGlobal
