
Microsoft Visual Studio Solution File, Format Version 12.00
# Visual Studio 2013
VisualStudioVersion = 12.0.21005.1
MinimumVisualStudioVersion = 10.0.40219.1
Project("{FAE04EC0-301F-11D3-BF4B-00C04F79EFBC}") = "Ex01PersonalDataForm", "Ex01PersonalDataForm\Ex01PersonalDataForm.csproj", "{4489201E-46AC-4DD9-B9D9-06ED17F08F14}"
EndProject
Project("{FAE04EC0-301F-11D3-BF4B-00C04F79EFBC}") = "Ex02UniversityMarks", "Ex02UniversityMarks\Ex02UniversityMarks.csproj", "{D7D3D5DD-F873-4F98-8958-E4047EAAAF91}"
EndProject
Project("{FAE04EC0-301F-11D3-BF4B-00C04F79EFBC}") = "Ex03ProductList", "Ex03ProductList\Ex03ProductList.csproj", "{F985E8D6-1087-47FD-A717-B0935268FEA3}"
EndProject
Project("{FAE04EC0-301F-11D3-BF4B-00C04F79EFBC}") = "Ex04Laptops", "Ex04Laptops\Ex04Laptops.csproj", "{2D23840A-08C3-415E-A4A7-C34653108A97}"
EndProject
Global
	GlobalSection(SolutionConfigurationPlatforms) = preSolution
		Debug|Any CPU = Debug|Any CPU
		Release|Any CPU = Release|Any CPU
	EndGlobalSection
	GlobalSection(ProjectConfigurationPlatforms) = postSolution
		{4489201E-46AC-4DD9-B9D9-06ED17F08F14}.Debug|Any CPU.ActiveCfg = Debug|Any CPU
		{4489201E-46AC-4DD9-B9D9-06ED17F08F14}.Debug|Any CPU.Build.0 = Debug|Any CPU
		{4489201E-46AC-4DD9-B9D9-06ED17F08F14}.Release|Any CPU.ActiveCfg = Release|Any CPU
		{4489201E-46AC-4DD9-B9D9-06ED17F08F14}.Release|Any CPU.Build.0 = Release|Any CPU
		{D7D3D5DD-F873-4F98-8958-E4047EAAAF91}.Debug|Any CPU.ActiveCfg = Debug|Any CPU
		{D7D3D5DD-F873-4F98-8958-E4047EAAAF91}.Debug|Any CPU.Build.0 = Debug|Any CPU
		{D7D3D5DD-F873-4F98-8958-E4047EAAAF91}.Release|Any CPU.ActiveCfg = Release|Any CPU
		{D7D3D5DD-F873-4F98-8958-E4047EAAAF91}.Release|Any CPU.Build.0 = Release|Any CPU
		{F985E8D6-1087-47FD-A717-B0935268FEA3}.Debug|Any CPU.ActiveCfg = Debug|Any CPU
		{F985E8D6-1087-47FD-A717-B0935268FEA3}.Debug|Any CPU.Build.0 = Debug|Any CPU
		{F985E8D6-1087-47FD-A717-B0935268FEA3}.Release|Any CPU.ActiveCfg = Release|Any CPU
		{F985E8D6-1087-47FD-A717-B0935268FEA3}.Release|Any CPU.Build.0 = Release|Any CPU
		{2D23840A-08C3-415E-A4A7-C34653108A97}.Debug|Any CPU.ActiveCfg = Debug|Any CPU
		{2D23840A-08C3-415E-A4A7-C34653108A97}.Debug|Any CPU.Build.0 = Debug|Any CPU
		{2D23840A-08C3-415E-A4A7-C34653108A97}.Release|Any CPU.ActiveCfg = Release|Any CPU
		{2D23840A-08C3-415E-A4A7-C34653108A97}.Release|Any CPU.Build.0 = Release|Any CPU
	EndGlobalSection
	GlobalSection(SolutionProperties) = preSolution
		HideSolutionNode = FALSE
	EndGlobalSection
EndGlobal
