
Microsoft Visual Studio Solution File, Format Version 12.00
# Visual Studio 2013
VisualStudioVersion = 12.0.30110.0
MinimumVisualStudioVersion = 10.0.40219.1
Project("{FAE04EC0-301F-11D3-BF4B-00C04F79EFBC}") = "EntityFrameworkDemo.Data", "EntityFrameworkDemo.Data\EntityFrameworkDemo.Data.csproj", "{A96C2787-0CE3-45B3-9F13-081DDA8A4C6C}"
EndProject
Project("{FAE04EC0-301F-11D3-BF4B-00C04F79EFBC}") = "EntityFrameworkDemo.Client", "EntityFrameworkDemo.Client\EntityFrameworkDemo.Client.csproj", "{50C329D9-F7BA-45EE-BC43-BCDE7FCACFB8}"
EndProject
Project("{FAE04EC0-301F-11D3-BF4B-00C04F79EFBC}") = "Ex02DAOClass", "Ex01DAOClass\Ex02DAOClass.csproj", "{B913B0C5-1972-45BE-9F5F-C3D388D690E8}"
EndProject
Project("{FAE04EC0-301F-11D3-BF4B-00C04F79EFBC}") = "Ex03CustomersWithOrdersToCanada", "Ex03CustomersWithOrdersToCanada\Ex03CustomersWithOrdersToCanada.csproj", "{9975BA40-E3E7-4314-8310-69007F030013}"
EndProject
Project("{FAE04EC0-301F-11D3-BF4B-00C04F79EFBC}") = "Ex07Conflicts", "Ex07Conflicts\Ex07Conflicts.csproj", "{61B7F94D-CAA4-43B3-86F0-52E5407676E9}"
EndProject
Project("{FAE04EC0-301F-11D3-BF4B-00C04F79EFBC}") = "Ex10SuppliersIncome", "Ex10SuppliersIncome\Ex10SuppliersIncome.csproj", "{340CFB89-9C0E-44C6-B8EC-AC77E6156B61}"
EndProject
Global
	GlobalSection(SolutionConfigurationPlatforms) = preSolution
		Debug|Any CPU = Debug|Any CPU
		Release|Any CPU = Release|Any CPU
	EndGlobalSection
	GlobalSection(ProjectConfigurationPlatforms) = postSolution
		{A96C2787-0CE3-45B3-9F13-081DDA8A4C6C}.Debug|Any CPU.ActiveCfg = Debug|Any CPU
		{A96C2787-0CE3-45B3-9F13-081DDA8A4C6C}.Debug|Any CPU.Build.0 = Debug|Any CPU
		{A96C2787-0CE3-45B3-9F13-081DDA8A4C6C}.Release|Any CPU.ActiveCfg = Release|Any CPU
		{A96C2787-0CE3-45B3-9F13-081DDA8A4C6C}.Release|Any CPU.Build.0 = Release|Any CPU
		{50C329D9-F7BA-45EE-BC43-BCDE7FCACFB8}.Debug|Any CPU.ActiveCfg = Debug|Any CPU
		{50C329D9-F7BA-45EE-BC43-BCDE7FCACFB8}.Debug|Any CPU.Build.0 = Debug|Any CPU
		{50C329D9-F7BA-45EE-BC43-BCDE7FCACFB8}.Release|Any CPU.ActiveCfg = Release|Any CPU
		{50C329D9-F7BA-45EE-BC43-BCDE7FCACFB8}.Release|Any CPU.Build.0 = Release|Any CPU
		{B913B0C5-1972-45BE-9F5F-C3D388D690E8}.Debug|Any CPU.ActiveCfg = Debug|Any CPU
		{B913B0C5-1972-45BE-9F5F-C3D388D690E8}.Debug|Any CPU.Build.0 = Debug|Any CPU
		{B913B0C5-1972-45BE-9F5F-C3D388D690E8}.Release|Any CPU.ActiveCfg = Release|Any CPU
		{B913B0C5-1972-45BE-9F5F-C3D388D690E8}.Release|Any CPU.Build.0 = Release|Any CPU
		{9975BA40-E3E7-4314-8310-69007F030013}.Debug|Any CPU.ActiveCfg = Debug|Any CPU
		{9975BA40-E3E7-4314-8310-69007F030013}.Debug|Any CPU.Build.0 = Debug|Any CPU
		{9975BA40-E3E7-4314-8310-69007F030013}.Release|Any CPU.ActiveCfg = Release|Any CPU
		{9975BA40-E3E7-4314-8310-69007F030013}.Release|Any CPU.Build.0 = Release|Any CPU
		{61B7F94D-CAA4-43B3-86F0-52E5407676E9}.Debug|Any CPU.ActiveCfg = Debug|Any CPU
		{61B7F94D-CAA4-43B3-86F0-52E5407676E9}.Debug|Any CPU.Build.0 = Debug|Any CPU
		{61B7F94D-CAA4-43B3-86F0-52E5407676E9}.Release|Any CPU.ActiveCfg = Release|Any CPU
		{61B7F94D-CAA4-43B3-86F0-52E5407676E9}.Release|Any CPU.Build.0 = Release|Any CPU
		{340CFB89-9C0E-44C6-B8EC-AC77E6156B61}.Debug|Any CPU.ActiveCfg = Debug|Any CPU
		{340CFB89-9C0E-44C6-B8EC-AC77E6156B61}.Debug|Any CPU.Build.0 = Debug|Any CPU
		{340CFB89-9C0E-44C6-B8EC-AC77E6156B61}.Release|Any CPU.ActiveCfg = Release|Any CPU
		{340CFB89-9C0E-44C6-B8EC-AC77E6156B61}.Release|Any CPU.Build.0 = Release|Any CPU
	EndGlobalSection
	GlobalSection(SolutionProperties) = preSolution
		HideSolutionNode = FALSE
	EndGlobalSection
EndGlobal
